// !$*UTF8*$!
{
	archiveVersion = 1;
	classes = {
	};
	objectVersion = 46;
	objects = {

/* Begin PBXBuildFile section */
		B2EE4B5219B3EB13007D47E8 /* Foundation.framework in Frameworks */ = {isa = PBXBuildFile; fileRef = B2EE4B5119B3EB13007D47E8 /* Foundation.framework */; };
		B2EE4B5419B3EB13007D47E8 /* CoreGraphics.framework in Frameworks */ = {isa = PBXBuildFile; fileRef = B2EE4B5319B3EB13007D47E8 /* CoreGraphics.framework */; };
		B2EE4B5619B3EB13007D47E8 /* UIKit.framework in Frameworks */ = {isa = PBXBuildFile; fileRef = B2EE4B5519B3EB13007D47E8 /* UIKit.framework */; };
		B2EE4B5C19B3EB13007D47E8 /* InfoPlist.strings in Resources */ = {isa = PBXBuildFile; fileRef = B2EE4B5A19B3EB13007D47E8 /* InfoPlist.strings */; };
		B2EE4B5E19B3EB13007D47E8 /* main.m in Sources */ = {isa = PBXBuildFile; fileRef = B2EE4B5D19B3EB13007D47E8 /* main.m */; };
		B2EE4B6219B3EB13007D47E8 /* NOSAppDelegate.m in Sources */ = {isa = PBXBuildFile; fileRef = B2EE4B6119B3EB13007D47E8 /* NOSAppDelegate.m */; };
		B2EE4B6519B3EB13007D47E8 /* Main.storyboard in Resources */ = {isa = PBXBuildFile; fileRef = B2EE4B6319B3EB13007D47E8 /* Main.storyboard */; };
		B2EE4B6819B3EB13007D47E8 /* NOSViewController.m in Sources */ = {isa = PBXBuildFile; fileRef = B2EE4B6719B3EB13007D47E8 /* NOSViewController.m */; };
		B2EE4B6A19B3EB13007D47E8 /* Images.xcassets in Resources */ = {isa = PBXBuildFile; fileRef = B2EE4B6919B3EB13007D47E8 /* Images.xcassets */; };
		B2EE4B7119B3EB13007D47E8 /* XCTest.framework in Frameworks */ = {isa = PBXBuildFile; fileRef = B2EE4B7019B3EB13007D47E8 /* XCTest.framework */; };
		B2EE4B7219B3EB13007D47E8 /* Foundation.framework in Frameworks */ = {isa = PBXBuildFile; fileRef = B2EE4B5119B3EB13007D47E8 /* Foundation.framework */; };
		B2EE4B7319B3EB13007D47E8 /* UIKit.framework in Frameworks */ = {isa = PBXBuildFile; fileRef = B2EE4B5519B3EB13007D47E8 /* UIKit.framework */; };
		B2EE4B7B19B3EB13007D47E8 /* InfoPlist.strings in Resources */ = {isa = PBXBuildFile; fileRef = B2EE4B7919B3EB13007D47E8 /* InfoPlist.strings */; };
		B2EE4B7D19B3EB13007D47E8 /* GitExampleProjectTests.m in Sources */ = {isa = PBXBuildFile; fileRef = B2EE4B7C19B3EB13007D47E8 /* GitExampleProjectTests.m */; };
/* End PBXBuildFile section */

/* Begin PBXContainerItemProxy section */
		B2EE4B7419B3EB13007D47E8 /* PBXContainerItemProxy */ = {
			isa = PBXContainerItemProxy;
			containerPortal = B2EE4B4619B3EB13007D47E8 /* Project object */;
			proxyType = 1;
			remoteGlobalIDString = B2EE4B4D19B3EB13007D47E8;
			remoteInfo = GitExampleProject;
		};
/* End PBXContainerItemProxy section */

/* Begin PBXFileReference section */
		B2EE4B4E19B3EB13007D47E8 /* GitExampleProject.app */ = {isa = PBXFileReference; explicitFileType = wrapper.application; includeInIndex = 0; path = GitExampleProject.app; sourceTree = BUILT_PRODUCTS_DIR; };
		B2EE4B5119B3EB13007D47E8 /* Foundation.framework */ = {isa = PBXFileReference; lastKnownFileType = wrapper.framework; name = Foundation.framework; path = System/Library/Frameworks/Foundation.framework; sourceTree = SDKROOT; };
		B2EE4B5319B3EB13007D47E8 /* CoreGraphics.framework */ = {isa = PBXFileReference; lastKnownFileType = wrapper.framework; name = CoreGraphics.framework; path = System/Library/Frameworks/CoreGraphics.framework; sourceTree = SDKROOT; };
		B2EE4B5519B3EB13007D47E8 /* UIKit.framework */ = {isa = PBXFileReference; lastKnownFileType = wrapper.framework; name = UIKit.framework; path = System/Library/Frameworks/UIKit.framework; sourceTree = SDKROOT; };
		B2EE4B5919B3EB13007D47E8 /* GitExampleProject-Info.plist */ = {isa = PBXFileReference; lastKnownFileType = text.plist.xml; path = "GitExampleProject-Info.plist"; sourceTree = "<group>"; };
		B2EE4B5B19B3EB13007D47E8 /* en */ = {isa = PBXFileReference; lastKnownFileType = text.plist.strings; name = en; path = en.lproj/InfoPlist.strings; sourceTree = "<group>"; };
		B2EE4B5D19B3EB13007D47E8 /* main.m */ = {isa = PBXFileReference; lastKnownFileType = sourcecode.c.objc; path = main.m; sourceTree = "<group>"; };
		B2EE4B5F19B3EB13007D47E8 /* GitExampleProject-Prefix.pch */ = {isa = PBXFileReference; lastKnownFileType = sourcecode.c.h; path = "GitExampleProject-Prefix.pch"; sourceTree = "<group>"; };
		B2EE4B6019B3EB13007D47E8 /* NOSAppDelegate.h */ = {isa = PBXFileReference; lastKnownFileType = sourcecode.c.h; path = NOSAppDelegate.h; sourceTree = "<group>"; };
		B2EE4B6119B3EB13007D47E8 /* NOSAppDelegate.m */ = {isa = PBXFileReference; lastKnownFileType = sourcecode.c.objc; path = NOSAppDelegate.m; sourceTree = "<group>"; };
		B2EE4B6419B3EB13007D47E8 /* Base */ = {isa = PBXFileReference; lastKnownFileType = file.storyboard; name = Base; path = Base.lproj/Main.storyboard; sourceTree = "<group>"; };
		B2EE4B6619B3EB13007D47E8 /* NOSViewController.h */ = {isa = PBXFileReference; lastKnownFileType = sourcecode.c.h; path = NOSViewController.h; sourceTree = "<group>"; };
		B2EE4B6719B3EB13007D47E8 /* NOSViewController.m */ = {isa = PBXFileReference; lastKnownFileType = sourcecode.c.objc; path = NOSViewController.m; sourceTree = "<group>"; };
		B2EE4B6919B3EB13007D47E8 /* Images.xcassets */ = {isa = PBXFileReference; lastKnownFileType = folder.assetcatalog; path = Images.xcassets; sourceTree = "<group>"; };
		B2EE4B6F19B3EB13007D47E8 /* GitExampleProjectTests.xctest */ = {isa = PBXFileReference; explicitFileType = wrapper.cfbundle; includeInIndex = 0; path = GitExampleProjectTests.xctest; sourceTree = BUILT_PRODUCTS_DIR; };
		B2EE4B7019B3EB13007D47E8 /* XCTest.framework */ = {isa = PBXFileReference; lastKnownFileType = wrapper.framework; name = XCTest.framework; path = Library/Frameworks/XCTest.framework; sourceTree = DEVELOPER_DIR; };
		B2EE4B7819B3EB13007D47E8 /* GitExampleProjectTests-Info.plist */ = {isa = PBXFileReference; lastKnownFileType = text.plist.xml; path = "GitExampleProjectTests-Info.plist"; sourceTree = "<group>"; };
		B2EE4B7A19B3EB13007D47E8 /* en */ = {isa = PBXFileReference; lastKnownFileType = text.plist.strings; name = en; path = en.lproj/InfoPlist.strings; sourceTree = "<group>"; };
		B2EE4B7C19B3EB13007D47E8 /* GitExampleProjectTests.m */ = {isa = PBXFileReference; lastKnownFileType = sourcecode.c.objc; path = GitExampleProjectTests.m; sourceTree = "<group>"; };
/* End PBXFileReference section */

/* Begin PBXFrameworksBuildPhase section */
		B2EE4B4B19B3EB13007D47E8 /* Frameworks */ = {
			isa = PBXFrameworksBuildPhase;
			buildActionMask = 2147483647;
			files = (
				B2EE4B5419B3EB13007D47E8 /* CoreGraphics.framework in Frameworks */,
				B2EE4B5619B3EB13007D47E8 /* UIKit.framework in Frameworks */,
				B2EE4B5219B3EB13007D47E8 /* Foundation.framework in Frameworks */,
			);
			runOnlyForDeploymentPostprocessing = 0;
		};
		B2EE4B6C19B3EB13007D47E8 /* Frameworks */ = {
			isa = PBXFrameworksBuildPhase;
			buildActionMask = 2147483647;
			files = (
				B2EE4B7119B3EB13007D47E8 /* XCTest.framework in Frameworks */,
				B2EE4B7319B3EB13007D47E8 /* UIKit.framework in Frameworks */,
				B2EE4B7219B3EB13007D47E8 /* Foundation.framework in Frameworks */,
			);
			runOnlyForDeploymentPostprocessing = 0;
		};
/* End PBXFrameworksBuildPhase section */

/* Begin PBXGroup section */
		B2EE4B4519B3EB13007D47E8 = {
			isa = PBXGroup;
			children = (
				B2EE4B5719B3EB13007D47E8 /* GitExampleProject */,
				B2EE4B7619B3EB13007D47E8 /* GitExampleProjectTests */,
				B2EE4B5019B3EB13007D47E8 /* Frameworks */,
				B2EE4B4F19B3EB13007D47E8 /* Products */,
			);
			sourceTree = "<group>";
		};
		B2EE4B4F19B3EB13007D47E8 /* Products */ = {
			isa = PBXGroup;
			children = (
				B2EE4B4E19B3EB13007D47E8 /* GitExampleProject.app */,
				B2EE4B6F19B3EB13007D47E8 /* GitExampleProjectTests.xctest */,
			);
			name = Products;
			sourceTree = "<group>";
		};
		B2EE4B5019B3EB13007D47E8 /* Frameworks */ = {
			isa = PBXGroup;
			children = (
				B2EE4B5119B3EB13007D47E8 /* Foundation.framework */,
				B2EE4B5319B3EB13007D47E8 /* CoreGraphics.framework */,
				B2EE4B5519B3EB13007D47E8 /* UIKit.framework */,
				B2EE4B7019B3EB13007D47E8 /* XCTest.framework */,
			);
			name = Frameworks;
			sourceTree = "<group>";
		};
		B2EE4B5719B3EB13007D47E8 /* GitExampleProject */ = {
			isa = PBXGroup;
			children = (
				B2EE4B6019B3EB13007D47E8 /* NOSAppDelegate.h */,
				B2EE4B6119B3EB13007D47E8 /* NOSAppDelegate.m */,
				B2EE4B6319B3EB13007D47E8 /* Main.storyboard */,
				B2EE4B6619B3EB13007D47E8 /* NOSViewController.h */,
				B2EE4B6719B3EB13007D47E8 /* NOSViewController.m */,
				B2EE4B6919B3EB13007D47E8 /* Images.xcassets */,
				B2EE4B5819B3EB13007D47E8 /* Supporting Files */,
			);
			path = GitExampleProject;
			sourceTree = "<group>";
		};
		B2EE4B5819B3EB13007D47E8 /* Supporting Files */ = {
			isa = PBXGroup;
			children = (
				B2EE4B5919B3EB13007D47E8 /* GitExampleProject-Info.plist */,
				B2EE4B5A19B3EB13007D47E8 /* InfoPlist.strings */,
				B2EE4B5D19B3EB13007D47E8 /* main.m */,
				B2EE4B5F19B3EB13007D47E8 /* GitExampleProject-Prefix.pch */,
			);
			name = "Supporting Files";
			sourceTree = "<group>";
		};
		B2EE4B7619B3EB13007D47E8 /* GitExampleProjectTests */ = {
			isa = PBXGroup;
			children = (
				B2EE4B7C19B3EB13007D47E8 /* GitExampleProjectTests.m */,
				B2EE4B7719B3EB13007D47E8 /* Supporting Files */,
			);
			path = GitExampleProjectTests;
			sourceTree = "<group>";
		};
		B2EE4B7719B3EB13007D47E8 /* Supporting Files */ = {
			isa = PBXGroup;
			children = (
				B2EE4B7819B3EB13007D47E8 /* GitExampleProjectTests-Info.plist */,
				B2EE4B7919B3EB13007D47E8 /* InfoPlist.strings */,
			);
			name = "Supporting Files";
			sourceTree = "<group>";
		};
/* End PBXGroup section */

/* Begin PBXNativeTarget section */
		B2EE4B4D19B3EB13007D47E8 /* GitExampleProject */ = {
			isa = PBXNativeTarget;
			buildConfigurationList = B2EE4B8019B3EB13007D47E8 /* Build configuration list for PBXNativeTarget "GitExampleProject" */;
			buildPhases = (
				B2EE4B4A19B3EB13007D47E8 /* Sources */,
				B2EE4B4B19B3EB13007D47E8 /* Frameworks */,
				B2EE4B4C19B3EB13007D47E8 /* Resources */,
			);
			buildRules = (
			);
			dependencies = (
			);
			name = GitExampleProject;
			productName = GitExampleProject;
			productReference = B2EE4B4E19B3EB13007D47E8 /* GitExampleProject.app */;
			productType = "com.apple.product-type.application";
		};
		B2EE4B6E19B3EB13007D47E8 /* GitExampleProjectTests */ = {
			isa = PBXNativeTarget;
			buildConfigurationList = B2EE4B8319B3EB13007D47E8 /* Build configuration list for PBXNativeTarget "GitExampleProjectTests" */;
			buildPhases = (
				B2EE4B6B19B3EB13007D47E8 /* Sources */,
				B2EE4B6C19B3EB13007D47E8 /* Frameworks */,
				B2EE4B6D19B3EB13007D47E8 /* Resources */,
			);
			buildRules = (
			);
			dependencies = (
				B2EE4B7519B3EB13007D47E8 /* PBXTargetDependency */,
			);
			name = GitExampleProjectTests;
			productName = GitExampleProjectTests;
			productReference = B2EE4B6F19B3EB13007D47E8 /* GitExampleProjectTests.xctest */;
			productType = "com.apple.product-type.bundle.unit-test";
		};
/* End PBXNativeTarget section */

/* Begin PBXProject section */
		B2EE4B4619B3EB13007D47E8 /* Project object */ = {
			isa = PBXProject;
			attributes = {
				CLASSPREFIX = NOS;
				LastUpgradeCheck = 0510;
				ORGANIZATIONNAME = "Citta LLC";
				TargetAttributes = {
					B2EE4B6E19B3EB13007D47E8 = {
						TestTargetID = B2EE4B4D19B3EB13007D47E8;
					};
				};
			};
			buildConfigurationList = B2EE4B4919B3EB13007D47E8 /* Build configuration list for PBXProject "GitExampleProject" */;
			compatibilityVersion = "Xcode 3.2";
			developmentRegion = English;
			hasScannedForEncodings = 0;
			knownRegions = (
				en,
				Base,
			);
			mainGroup = B2EE4B4519B3EB13007D47E8;
			productRefGroup = B2EE4B4F19B3EB13007D47E8 /* Products */;
			projectDirPath = "";
			projectRoot = "";
			targets = (
				B2EE4B4D19B3EB13007D47E8 /* GitExampleProject */,
				B2EE4B6E19B3EB13007D47E8 /* GitExampleProjectTests */,
			);
		};
/* End PBXProject section */

/* Begin PBXResourcesBuildPhase section */
		B2EE4B4C19B3EB13007D47E8 /* Resources */ = {
			isa = PBXResourcesBuildPhase;
			buildActionMask = 2147483647;
			files = (
				B2EE4B6A19B3EB13007D47E8 /* Images.xcassets in Resources */,
				B2EE4B5C19B3EB13007D47E8 /* InfoPlist.strings in Resources */,
				B2EE4B6519B3EB13007D47E8 /* Main.storyboard in Resources */,
			);
			runOnlyForDeploymentPostprocessing = 0;
		};
		B2EE4B6D19B3EB13007D47E8 /* Resources */ = {
			isa = PBXResourcesBuildPhase;
			buildActionMask = 2147483647;
			files = (
				B2EE4B7B19B3EB13007D47E8 /* InfoPlist.strings in Resources */,
			);
			runOnlyForDeploymentPostprocessing = 0;
		};
/* End PBXResourcesBuildPhase section */

/* Begin PBXSourcesBuildPhase section */
		B2EE4B4A19B3EB13007D47E8 /* Sources */ = {
			isa = PBXSourcesBuildPhase;
			buildActionMask = 2147483647;
			files = (
				B2EE4B6819B3EB13007D47E8 /* NOSViewController.m in Sources */,
				B2EE4B5E19B3EB13007D47E8 /* main.m in Sources */,
				B2EE4B6219B3EB13007D47E8 /* NOSAppDelegate.m in Sources */,
			);
			runOnlyForDeploymentPostprocessing = 0;
		};
		B2EE4B6B19B3EB13007D47E8 /* Sources */ = {
			isa = PBXSourcesBuildPhase;
			buildActionMask = 2147483647;
			files = (
				B2EE4B7D19B3EB13007D47E8 /* GitExampleProjectTests.m in Sources */,
			);
			runOnlyForDeploymentPostprocessing = 0;
		};
/* End PBXSourcesBuildPhase section */

/* Begin PBXTargetDependency section */
		B2EE4B7519B3EB13007D47E8 /* PBXTargetDependency */ = {
			isa = PBXTargetDependency;
			target = B2EE4B4D19B3EB13007D47E8 /* GitExampleProject */;
			targetProxy = B2EE4B7419B3EB13007D47E8 /* PBXContainerItemProxy */;
		};
/* End PBXTargetDependency section */

/* Begin PBXVariantGroup section */
		B2EE4B5A19B3EB13007D47E8 /* InfoPlist.strings */ = {
			isa = PBXVariantGroup;
			children = (
				B2EE4B5B19B3EB13007D47E8 /* en */,
			);
			name = InfoPlist.strings;
			sourceTree = "<group>";
		};
		B2EE4B6319B3EB13007D47E8 /* Main.storyboard */ = {
			isa = PBXVariantGroup;
			children = (
				B2EE4B6419B3EB13007D47E8 /* Base */,
			);
			name = Main.storyboard;
			sourceTree = "<group>";
		};
		B2EE4B7919B3EB13007D47E8 /* InfoPlist.strings */ = {
			isa = PBXVariantGroup;
			children = (
				B2EE4B7A19B3EB13007D47E8 /* en */,
			);
			name = InfoPlist.strings;
			sourceTree = "<group>";
		};
/* End PBXVariantGroup section */

/* Begin XCBuildConfiguration section */
		B2EE4B7E19B3EB13007D47E8 /* Debug */ = {
			isa = XCBuildConfiguration;
			buildSettings = {
				ALWAYS_SEARCH_USER_PATHS = NO;
				CLANG_CXX_LANGUAGE_STANDARD = "gnu++0x";
				CLANG_CXX_LIBRARY = "libc++";
				CLANG_ENABLE_MODULES = YES;
				CLANG_ENABLE_OBJC_ARC = YES;
				CLANG_WARN_BOOL_CONVERSION = YES;
				CLANG_WARN_CONSTANT_CONVERSION = YES;
				CLANG_WARN_DIRECT_OBJC_ISA_USAGE = YES_ERROR;
				CLANG_WARN_EMPTY_BODY = YES;
				CLANG_WARN_ENUM_CONVERSION = YES;
				CLANG_WARN_INT_CONVERSION = YES;
				CLANG_WARN_OBJC_ROOT_CLASS = YES_ERROR;
				CLANG_WARN__DUPLICATE_METHOD_MATCH = YES;
				"CODE_SIGN_IDENTITY[sdk=iphoneos*]" = "iPhone Developer";
				COPY_PHASE_STRIP = NO;
				GCC_C_LANGUAGE_STANDARD = gnu99;
				GCC_DYNAMIC_NO_PIC = NO;
				GCC_OPTIMIZATION_LEVEL = 0;
				GCC_PREPROCESSOR_DEFINITIONS = (
					"DEBUG=1",
					"$(inherited)",
				);
				GCC_SYMBOLS_PRIVATE_EXTERN = NO;
				GCC_WARN_64_TO_32_BIT_CONVERSION = YES;
				GCC_WARN_ABOUT_RETURN_TYPE = YES_ERROR;
				GCC_WARN_UNDECLARED_SELECTOR = YES;
				GCC_WARN_UNINITIALIZED_AUTOS = YES_AGGRESSIVE;
				GCC_WARN_UNUSED_FUNCTION = YES;
				GCC_WARN_UNUSED_VARIABLE = YES;
				IPHONEOS_DEPLOYMENT_TARGET = 7.1;
				ONLY_ACTIVE_ARCH = YES;
				SDKROOT = iphoneos;
				TARGETED_DEVICE_FAMILY = 2;
			};
			name = Debug;
		};
		B2EE4B7F19B3EB13007D47E8 /* Release */ = {
			isa = XCBuildConfiguration;
			buildSettings = {
				ALWAYS_SEARCH_USER_PATHS = NO;
				CLANG_CXX_LANGUAGE_STANDARD = "gnu++0x";
				CLANG_CXX_LIBRARY = "libc++";
				CLANG_ENABLE_MODULES = YES;
				CLANG_ENABLE_OBJC_ARC = YES;
				CLANG_WARN_BOOL_CONVERSION = YES;
				CLANG_WARN_CONSTANT_CONVERSION = YES;
				CLANG_WARN_DIRECT_OBJC_ISA_USAGE = YES_ERROR;
				CLANG_WARN_EMPTY_BODY = YES;
				CLANG_WARN_ENUM_CONVERSION = YES;
				CLANG_WARN_INT_CONVERSION = YES;
				CLANG_WARN_OBJC_ROOT_CLASS = YES_ERROR;
				CLANG_WARN__DUPLICATE_METHOD_MATCH = YES;
				"CODE_SIGN_IDENTITY[sdk=iphoneos*]" = "iPhone Developer";
				COPY_PHASE_STRIP = YES;
				ENABLE_NS_ASSERTIONS = NO;
				GCC_C_LANGUAGE_STANDARD = gnu99;
				GCC_WARN_64_TO_32_BIT_CONVERSION = YES;
				GCC_WARN_ABOUT_RETURN_TYPE = YES_ERROR;
				GCC_WARN_UNDECLARED_SELECTOR = YES;
				GCC_WARN_UNINITIALIZED_AUTOS = YES_AGGRESSIVE;
				GCC_WARN_UNUSED_FUNCTION = YES;
				GCC_WARN_UNUSED_VARIABLE = YES;
				IPHONEOS_DEPLOYMENT_TARGET = 7.1;
				SDKROOT = iphoneos;
				TARGETED_DEVICE_FAMILY = 2;
				VALIDATE_PRODUCT = YES;
			};
			name = Release;
		};
		B2EE4B8119B3EB13007D47E8 /* Debug */ = {
			isa = XCBuildConfiguration;
			buildSettings = {
				ASSETCATALOG_COMPILER_APPICON_NAME = AppIcon;
				ASSETCATALOG_COMPILER_LAUNCHIMAGE_NAME = LaunchImage;
				GCC_PRECOMPILE_PREFIX_HEADER = YES;
				GCC_PREFIX_HEADER = "GitExampleProject/GitExampleProject-Prefix.pch";
				INFOPLIST_FILE = "GitExampleProject/GitExampleProject-Info.plist";
				PRODUCT_NAME = "$(TARGET_NAME)";
				WRAPPER_EXTENSION = app;
			};
			name = Debug;
		};
		B2EE4B8219B3EB13007D47E8 /* Release */ = {
			isa = XCBuildConfiguration;
			buildSettings = {
				ASSETCATALOG_COMPILER_APPICON_NAME = AppIcon;
				ASSETCATALOG_COMPILER_LAUNCHIMAGE_NAME = LaunchImage;
				GCC_PRECOMPILE_PREFIX_HEADER = YES;
				GCC_PREFIX_HEADER = "GitExampleProject/GitExampleProject-Prefix.pch";
				INFOPLIST_FILE = "GitExampleProject/GitExampleProject-Info.plist";
				PRODUCT_NAME = "$(TARGET_NAME)";
				WRAPPER_EXTENSION = app;
			};
			name = Release;
		};
		B2EE4B8419B3EB13007D47E8 /* Debug */ = {
			isa = XCBuildConfiguration;
			buildSettings = {
				BUNDLE_LOADER = "$(BUILT_PRODUCTS_DIR)/GitExampleProject.app/GitExampleProject";
				FRAMEWORK_SEARCH_PATHS = (
					"$(SDKROOT)/Developer/Library/Frameworks",
					"$(inherited)",
					"$(DEVELOPER_FRAMEWORKS_DIR)",
				);
				GCC_PRECOMPILE_PREFIX_HEADER = YES;
				GCC_PREFIX_HEADER = "GitExampleProject/GitExampleProject-Prefix.pch";
				GCC_PREPROCESSOR_DEFINITIONS = (
					"DEBUG=1",
					"$(inherited)",
				);
				INFOPLIST_FILE = "GitExampleProjectTests/GitExampleProjectTests-Info.plist";
				PRODUCT_NAME = "$(TARGET_NAME)";
				TEST_HOST = "$(BUNDLE_LOADER)";
				WRAPPER_EXTENSION = xctest;
			};
			name = Debug;
		};
		B2EE4B8519B3EB13007D47E8 /* Release */ = {
			isa = XCBuildConfiguration;
			buildSettings = {
				BUNDLE_LOADER = "$(BUILT_PRODUCTS_DIR)/GitExampleProject.app/GitExampleProject";
				FRAMEWORK_SEARCH_PATHS = (
					"$(SDKROOT)/Developer/Library/Frameworks",
					"$(inherited)",
					"$(DEVELOPER_FRAMEWORKS_DIR)",
				);
				GCC_PRECOMPILE_PREFIX_HEADER = YES;
				GCC_PREFIX_HEADER = "GitExampleProject/GitExampleProject-Prefix.pch";
				INFOPLIST_FILE = "GitExampleProjectTests/GitExampleProjectTests-Info.plist";
				PRODUCT_NAME = "$(TARGET_NAME)";
				TEST_HOST = "$(BUNDLE_LOADER)";
				WRAPPER_EXTENSION = xctest;
			};
			name = Release;
		};
/* End XCBuildConfiguration section */

/* Begin XCConfigurationList section */
		B2EE4B4919B3EB13007D47E8 /* Build configuration list for PBXProject "GitExampleProject" */ = {
			isa = XCConfigurationList;
			buildConfigurations = (
				B2EE4B7E19B3EB13007D47E8 /* Debug */,
				B2EE4B7F19B3EB13007D47E8 /* Release */,
			);
			defaultConfigurationIsVisible = 0;
			defaultConfigurationName = Release;
		};
		B2EE4B8019B3EB13007D47E8 /* Build configuration list for PBXNativeTarget "GitExampleProject" */ = {
			isa = XCConfigurationList;
			buildConfigurations = (
				B2EE4B8119B3EB13007D47E8 /* Debug */,
				B2EE4B8219B3EB13007D47E8 /* Release */,
			);
			defaultConfigurationIsVisible = 0;
		};
		B2EE4B8319B3EB13007D47E8 /* Build configuration list for PBXNativeTarget "GitExampleProjectTests" */ = {
			isa = XCConfigurationList;
			buildConfigurations = (
				B2EE4B8419B3EB13007D47E8 /* Debug */,
				B2EE4B8519B3EB13007D47E8 /* Release */,
			);
			defaultConfigurationIsVisible = 0;
		};
/* End XCConfigurationList section */
	};
	rootObject = B2EE4B4619B3EB13007D47E8 /* Project object */;
}
